# This file is automatically @generated by Cargo.
# It is not intended for manual editing.
[[package]]
name = "float_eq"
version = "0.4.0"
source = "registry+https://github.com/rust-lang/crates.io-index"
checksum = "ca2ae5cac62b51e301cdfb85a49d92c7c6d0fea4580c1680e687c93946ce049b"

[[package]]
name = "ray-tracing-in-one-weekend"
version = "0.1.0"
dependencies = [
 "float_eq",
]
